
Microsoft Visual Studio Solution File, Format Version 12.00
Project("{FAE04EC0-301F-11D3-BF4B-00C04F79EFBC}") = "LocalTextToSpeechKokoro-CSharp", "LocalTextToSpeechKokoro-CSharp\LocalTextToSpeechKokoro-CSharp.csproj", "{6D5947E9-9D0C-421C-877A-C95FC7E9C892}"
EndProject
Global
	GlobalSection(SolutionConfigurationPlatforms) = preSolution
		Debug|Any CPU = Debug|Any CPU
		Release|Any CPU = Release|Any CPU
	EndGlobalSection
	GlobalSection(ProjectConfigurationPlatforms) = postSolution
		{6D5947E9-9D0C-421C-877A-C95FC7E9C892}.Debug|Any CPU.ActiveCfg = Debug|Any CPU
		{6D5947E9-9D0C-421C-877A-C95FC7E9C892}.Debug|Any CPU.Build.0 = Debug|Any CPU
		{6D5947E9-9D0C-421C-877A-C95FC7E9C892}.Release|Any CPU.ActiveCfg = Release|Any CPU
		{6D5947E9-9D0C-421C-877A-C95FC7E9C892}.Release|Any CPU.Build.0 = Release|Any CPU
	EndGlobalSection
EndGlobal
